
Microsoft Visual Studio Solution File, Format Version 12.00
# Visual Studio 15
Project("{FAE04EC0-301F-11D3-BF4B-00C04F79EFBC}") = "Assembly-CSharp", "Assembly-CSharp.csproj", "{CF89D823-1409-F53A-5428-C4BF46F64C51}"
EndProject
Project("{FAE04EC0-301F-11D3-BF4B-00C04F79EFBC}") = "Assembly-CSharp-Editor", "Assembly-CSharp-Editor.csproj", "{7D83B0DB-3CF1-5C32-07D0-F64599550B62}"
EndProject
Global
	GlobalSection(SolutionConfigurationPlatforms) = preSolution
		Debug|Any CPU = Debug|Any CPU
		Release|Any CPU = Release|Any CPU
	EndGlobalSection
	GlobalSection(ProjectConfigurationPlatforms) = postSolution
		{CF89D823-1409-F53A-5428-C4BF46F64C51}.Debug|Any CPU.ActiveCfg = Debug|Any CPU
		{CF89D823-1409-F53A-5428-C4BF46F64C51}.Debug|Any CPU.Build.0 = Debug|Any CPU
		{CF89D823-1409-F53A-5428-C4BF46F64C51}.Release|Any CPU.ActiveCfg = Release|Any CPU
		{CF89D823-1409-F53A-5428-C4BF46F64C51}.Release|Any CPU.Build.0 = Release|Any CPU
		{7D83B0DB-3CF1-5C32-07D0-F64599550B62}.Debug|Any CPU.ActiveCfg = Debug|Any CPU
		{7D83B0DB-3CF1-5C32-07D0-F64599550B62}.Debug|Any CPU.Build.0 = Debug|Any CPU
		{7D83B0DB-3CF1-5C32-07D0-F64599550B62}.Release|Any CPU.ActiveCfg = Release|Any CPU
		{7D83B0DB-3CF1-5C32-07D0-F64599550B62}.Release|Any CPU.Build.0 = Release|Any CPU
	EndGlobalSection
	GlobalSection(SolutionProperties) = preSolution
		HideSolutionNode = FALSE
	EndGlobalSection
EndGlobal
